
Microsoft Visual Studio Solution File, Format Version 10.00
# Visual Studio 2008
Project("{8BC9CEB8-8B4A-11D0-8D11-00A0C91BC942}") = "simc", "simc.vcproj", "{00058543-E5EA-1540-B535-BCE859AA319E}"
EndProject
Project("{8BC9CEB8-8B4A-11D0-8D11-00A0C91BC942}") = "evds", "evds.vcproj", "{EE4E6F16-F056-1746-B855-ADA3599F7386}"
	ProjectSection(ProjectDependencies) = postProject
		{00058543-E5EA-1540-B535-BCE859AA319E} = {00058543-E5EA-1540-B535-BCE859AA319E}
	EndProjectSection
EndProject
Project("{8BC9CEB8-8B4A-11D0-8D11-00A0C91BC942}") = "evds_tutorial1", "evds_tutorial1.vcproj", "{740FC406-98AF-B54D-B226-CAF40650FF1E}"
	ProjectSection(ProjectDependencies) = postProject
		{EE4E6F16-F056-1746-B855-ADA3599F7386} = {EE4E6F16-F056-1746-B855-ADA3599F7386}
		{00058543-E5EA-1540-B535-BCE859AA319E} = {00058543-E5EA-1540-B535-BCE859AA319E}
	EndProjectSection
EndProject
Project("{8BC9CEB8-8B4A-11D0-8D11-00A0C91BC942}") = "evds_tutorial2", "evds_tutorial2.vcproj", "{740FC406-98AF-B54D-B226-CAF40650FF2E}"
	ProjectSection(ProjectDependencies) = postProject
		{EE4E6F16-F056-1746-B855-ADA3599F7386} = {EE4E6F16-F056-1746-B855-ADA3599F7386}
		{00058543-E5EA-1540-B535-BCE859AA319E} = {00058543-E5EA-1540-B535-BCE859AA319E}
	EndProjectSection
EndProject
Project("{8BC9CEB8-8B4A-11D0-8D11-00A0C91BC942}") = "evds_tests", "evds_tests.vcproj", "{28E158E3-1600-4B73-A662-8E9228D33E12}"
	ProjectSection(ProjectDependencies) = postProject
		{EE4E6F16-F056-1746-B855-ADA3599F7386} = {EE4E6F16-F056-1746-B855-ADA3599F7386}
		{00058543-E5EA-1540-B535-BCE859AA319E} = {00058543-E5EA-1540-B535-BCE859AA319E}
	EndProjectSection
EndProject
Global
	GlobalSection(SolutionConfigurationPlatforms) = preSolution
		Debug|Win32 = Debug|Win32
		Debug|x64 = Debug|x64
		Release|Win32 = Release|Win32
		Release|x64 = Release|x64
		DebugDynamic|Win32 = DebugDynamic|Win32
		DebugDynamic|x64 = DebugDynamic|x64
		ReleaseDynamic|Win32 = ReleaseDynamic|Win32
		ReleaseDynamic|x64 = ReleaseDynamic|x64
		DebugSingleThread|Win32 = DebugSingleThread|Win32
		DebugSingleThread|x64 = DebugSingleThread|x64
		ReleaseSingleThread|Win32 = ReleaseSingleThread|Win32
		ReleaseSingleThread|x64 = ReleaseSingleThread|x64
		DebugSingleThreadDynamic|Win32 = DebugSingleThreadDynamic|Win32
		DebugSingleThreadDynamic|x64 = DebugSingleThreadDynamic|x64
		ReleaseSingleThreadDynamic|Win32 = ReleaseSingleThreadDynamic|Win32
		ReleaseSingleThreadDynamic|x64 = ReleaseSingleThreadDynamic|x64
	EndGlobalSection
	GlobalSection(ProjectConfigurationPlatforms) = postSolution
		{00058543-E5EA-1540-B535-BCE859AA319E}.Debug|Win32.ActiveCfg = Debug|Win32
		{00058543-E5EA-1540-B535-BCE859AA319E}.Debug|Win32.Build.0 = Debug|Win32
		{00058543-E5EA-1540-B535-BCE859AA319E}.Debug|x64.ActiveCfg = Debug|x64
		{00058543-E5EA-1540-B535-BCE859AA319E}.Debug|x64.Build.0 = Debug|x64
		{00058543-E5EA-1540-B535-BCE859AA319E}.Release|Win32.ActiveCfg = Release|Win32
		{00058543-E5EA-1540-B535-BCE859AA319E}.Release|Win32.Build.0 = Release|Win32
		{00058543-E5EA-1540-B535-BCE859AA319E}.Release|x64.ActiveCfg = Release|x64
		{00058543-E5EA-1540-B535-BCE859AA319E}.Release|x64.Build.0 = Release|x64
		{00058543-E5EA-1540-B535-BCE859AA319E}.DebugDynamic|Win32.ActiveCfg = DebugDynamic|Win32
		{00058543-E5EA-1540-B535-BCE859AA319E}.DebugDynamic|Win32.Build.0 = DebugDynamic|Win32
		{00058543-E5EA-1540-B535-BCE859AA319E}.DebugDynamic|x64.ActiveCfg = DebugDynamic|x64
		{00058543-E5EA-1540-B535-BCE859AA319E}.DebugDynamic|x64.Build.0 = DebugDynamic|x64
		{00058543-E5EA-1540-B535-BCE859AA319E}.ReleaseDynamic|Win32.ActiveCfg = ReleaseDynamic|Win32
		{00058543-E5EA-1540-B535-BCE859AA319E}.ReleaseDynamic|Win32.Build.0 = ReleaseDynamic|Win32
		{00058543-E5EA-1540-B535-BCE859AA319E}.ReleaseDynamic|x64.ActiveCfg = ReleaseDynamic|x64
		{00058543-E5EA-1540-B535-BCE859AA319E}.ReleaseDynamic|x64.Build.0 = ReleaseDynamic|x64
		{00058543-E5EA-1540-B535-BCE859AA319E}.DebugSingleThread|Win32.ActiveCfg = DebugSingleThread|Win32
		{00058543-E5EA-1540-B535-BCE859AA319E}.DebugSingleThread|Win32.Build.0 = DebugSingleThread|Win32
		{00058543-E5EA-1540-B535-BCE859AA319E}.DebugSingleThread|x64.ActiveCfg = DebugSingleThread|x64
		{00058543-E5EA-1540-B535-BCE859AA319E}.DebugSingleThread|x64.Build.0 = DebugSingleThread|x64
		{00058543-E5EA-1540-B535-BCE859AA319E}.ReleaseSingleThread|Win32.ActiveCfg = ReleaseSingleThread|Win32
		{00058543-E5EA-1540-B535-BCE859AA319E}.ReleaseSingleThread|Win32.Build.0 = ReleaseSingleThread|Win32
		{00058543-E5EA-1540-B535-BCE859AA319E}.ReleaseSingleThread|x64.ActiveCfg = ReleaseSingleThread|x64
		{00058543-E5EA-1540-B535-BCE859AA319E}.ReleaseSingleThread|x64.Build.0 = ReleaseSingleThread|x64
		{00058543-E5EA-1540-B535-BCE859AA319E}.DebugSingleThreadDynamic|Win32.ActiveCfg = DebugSingleThreadDynamic|Win32
		{00058543-E5EA-1540-B535-BCE859AA319E}.DebugSingleThreadDynamic|Win32.Build.0 = DebugSingleThreadDynamic|Win32
		{00058543-E5EA-1540-B535-BCE859AA319E}.DebugSingleThreadDynamic|x64.ActiveCfg = DebugSingleThreadDynamic|x64
		{00058543-E5EA-1540-B535-BCE859AA319E}.DebugSingleThreadDynamic|x64.Build.0 = DebugSingleThreadDynamic|x64
		{00058543-E5EA-1540-B535-BCE859AA319E}.ReleaseSingleThreadDynamic|Win32.ActiveCfg = ReleaseSingleThreadDynamic|Win32
		{00058543-E5EA-1540-B535-BCE859AA319E}.ReleaseSingleThreadDynamic|Win32.Build.0 = ReleaseSingleThreadDynamic|Win32
		{00058543-E5EA-1540-B535-BCE859AA319E}.ReleaseSingleThreadDynamic|x64.ActiveCfg = ReleaseSingleThreadDynamic|x64
		{00058543-E5EA-1540-B535-BCE859AA319E}.ReleaseSingleThreadDynamic|x64.Build.0 = ReleaseSingleThreadDynamic|x64
		{EE4E6F16-F056-1746-B855-ADA3599F7386}.Debug|Win32.ActiveCfg = Debug|Win32
		{EE4E6F16-F056-1746-B855-ADA3599F7386}.Debug|Win32.Build.0 = Debug|Win32
		{EE4E6F16-F056-1746-B855-ADA3599F7386}.Debug|x64.ActiveCfg = Debug|x64
		{EE4E6F16-F056-1746-B855-ADA3599F7386}.Debug|x64.Build.0 = Debug|x64
		{EE4E6F16-F056-1746-B855-ADA3599F7386}.Release|Win32.ActiveCfg = Release|Win32
		{EE4E6F16-F056-1746-B855-ADA3599F7386}.Release|Win32.Build.0 = Release|Win32
		{EE4E6F16-F056-1746-B855-ADA3599F7386}.Release|x64.ActiveCfg = Release|x64
		{EE4E6F16-F056-1746-B855-ADA3599F7386}.Release|x64.Build.0 = Release|x64
		{EE4E6F16-F056-1746-B855-ADA3599F7386}.DebugDynamic|Win32.ActiveCfg = DebugDynamic|Win32
		{EE4E6F16-F056-1746-B855-ADA3599F7386}.DebugDynamic|Win32.Build.0 = DebugDynamic|Win32
		{EE4E6F16-F056-1746-B855-ADA3599F7386}.DebugDynamic|x64.ActiveCfg = DebugDynamic|x64
		{EE4E6F16-F056-1746-B855-ADA3599F7386}.DebugDynamic|x64.Build.0 = DebugDynamic|x64
		{EE4E6F16-F056-1746-B855-ADA3599F7386}.ReleaseDynamic|Win32.ActiveCfg = ReleaseDynamic|Win32
		{EE4E6F16-F056-1746-B855-ADA3599F7386}.ReleaseDynamic|Win32.Build.0 = ReleaseDynamic|Win32
		{EE4E6F16-F056-1746-B855-ADA3599F7386}.ReleaseDynamic|x64.ActiveCfg = ReleaseDynamic|x64
		{EE4E6F16-F056-1746-B855-ADA3599F7386}.ReleaseDynamic|x64.Build.0 = ReleaseDynamic|x64
		{EE4E6F16-F056-1746-B855-ADA3599F7386}.DebugSingleThread|Win32.ActiveCfg = DebugSingleThread|Win32
		{EE4E6F16-F056-1746-B855-ADA3599F7386}.DebugSingleThread|Win32.Build.0 = DebugSingleThread|Win32
		{EE4E6F16-F056-1746-B855-ADA3599F7386}.DebugSingleThread|x64.ActiveCfg = DebugSingleThread|x64
		{EE4E6F16-F056-1746-B855-ADA3599F7386}.DebugSingleThread|x64.Build.0 = DebugSingleThread|x64
		{EE4E6F16-F056-1746-B855-ADA3599F7386}.ReleaseSingleThread|Win32.ActiveCfg = ReleaseSingleThread|Win32
		{EE4E6F16-F056-1746-B855-ADA3599F7386}.ReleaseSingleThread|Win32.Build.0 = ReleaseSingleThread|Win32
		{EE4E6F16-F056-1746-B855-ADA3599F7386}.ReleaseSingleThread|x64.ActiveCfg = ReleaseSingleThread|x64
		{EE4E6F16-F056-1746-B855-ADA3599F7386}.ReleaseSingleThread|x64.Build.0 = ReleaseSingleThread|x64
		{EE4E6F16-F056-1746-B855-ADA3599F7386}.DebugSingleThreadDynamic|Win32.ActiveCfg = DebugSingleThreadDynamic|Win32
		{EE4E6F16-F056-1746-B855-ADA3599F7386}.DebugSingleThreadDynamic|Win32.Build.0 = DebugSingleThreadDynamic|Win32
		{EE4E6F16-F056-1746-B855-ADA3599F7386}.DebugSingleThreadDynamic|x64.ActiveCfg = DebugSingleThreadDynamic|x64
		{EE4E6F16-F056-1746-B855-ADA3599F7386}.DebugSingleThreadDynamic|x64.Build.0 = DebugSingleThreadDynamic|x64
		{EE4E6F16-F056-1746-B855-ADA3599F7386}.ReleaseSingleThreadDynamic|Win32.ActiveCfg = ReleaseSingleThreadDynamic|Win32
		{EE4E6F16-F056-1746-B855-ADA3599F7386}.ReleaseSingleThreadDynamic|Win32.Build.0 = ReleaseSingleThreadDynamic|Win32
		{EE4E6F16-F056-1746-B855-ADA3599F7386}.ReleaseSingleThreadDynamic|x64.ActiveCfg = ReleaseSingleThreadDynamic|x64
		{EE4E6F16-F056-1746-B855-ADA3599F7386}.ReleaseSingleThreadDynamic|x64.Build.0 = ReleaseSingleThreadDynamic|x64
		{740FC406-98AF-B54D-B226-CAF40650FF1E}.Debug|Win32.ActiveCfg = Debug|Win32
		{740FC406-98AF-B54D-B226-CAF40650FF1E}.Debug|Win32.Build.0 = Debug|Win32
		{740FC406-98AF-B54D-B226-CAF40650FF1E}.Debug|x64.ActiveCfg = Debug|x64
		{740FC406-98AF-B54D-B226-CAF40650FF1E}.Debug|x64.Build.0 = Debug|x64
		{740FC406-98AF-B54D-B226-CAF40650FF1E}.Release|Win32.ActiveCfg = Release|Win32
		{740FC406-98AF-B54D-B226-CAF40650FF1E}.Release|Win32.Build.0 = Release|Win32
		{740FC406-98AF-B54D-B226-CAF40650FF1E}.Release|x64.ActiveCfg = Release|x64
		{740FC406-98AF-B54D-B226-CAF40650FF1E}.Release|x64.Build.0 = Release|x64
		{740FC406-98AF-B54D-B226-CAF40650FF1E}.DebugDynamic|Win32.ActiveCfg = DebugDynamic|Win32
		{740FC406-98AF-B54D-B226-CAF40650FF1E}.DebugDynamic|Win32.Build.0 = DebugDynamic|Win32
		{740FC406-98AF-B54D-B226-CAF40650FF1E}.DebugDynamic|x64.ActiveCfg = DebugDynamic|x64
		{740FC406-98AF-B54D-B226-CAF40650FF1E}.DebugDynamic|x64.Build.0 = DebugDynamic|x64
		{740FC406-98AF-B54D-B226-CAF40650FF1E}.ReleaseDynamic|Win32.ActiveCfg = ReleaseDynamic|Win32
		{740FC406-98AF-B54D-B226-CAF40650FF1E}.ReleaseDynamic|Win32.Build.0 = ReleaseDynamic|Win32
		{740FC406-98AF-B54D-B226-CAF40650FF1E}.ReleaseDynamic|x64.ActiveCfg = ReleaseDynamic|x64
		{740FC406-98AF-B54D-B226-CAF40650FF1E}.ReleaseDynamic|x64.Build.0 = ReleaseDynamic|x64
		{740FC406-98AF-B54D-B226-CAF40650FF1E}.DebugSingleThread|Win32.ActiveCfg = DebugSingleThread|Win32
		{740FC406-98AF-B54D-B226-CAF40650FF1E}.DebugSingleThread|Win32.Build.0 = DebugSingleThread|Win32
		{740FC406-98AF-B54D-B226-CAF40650FF1E}.DebugSingleThread|x64.ActiveCfg = DebugSingleThread|x64
		{740FC406-98AF-B54D-B226-CAF40650FF1E}.DebugSingleThread|x64.Build.0 = DebugSingleThread|x64
		{740FC406-98AF-B54D-B226-CAF40650FF1E}.ReleaseSingleThread|Win32.ActiveCfg = ReleaseSingleThread|Win32
		{740FC406-98AF-B54D-B226-CAF40650FF1E}.ReleaseSingleThread|Win32.Build.0 = ReleaseSingleThread|Win32
		{740FC406-98AF-B54D-B226-CAF40650FF1E}.ReleaseSingleThread|x64.ActiveCfg = ReleaseSingleThread|x64
		{740FC406-98AF-B54D-B226-CAF40650FF1E}.ReleaseSingleThread|x64.Build.0 = ReleaseSingleThread|x64
		{740FC406-98AF-B54D-B226-CAF40650FF1E}.DebugSingleThreadDynamic|Win32.ActiveCfg = DebugSingleThreadDynamic|Win32
		{740FC406-98AF-B54D-B226-CAF40650FF1E}.DebugSingleThreadDynamic|Win32.Build.0 = DebugSingleThreadDynamic|Win32
		{740FC406-98AF-B54D-B226-CAF40650FF1E}.DebugSingleThreadDynamic|x64.ActiveCfg = DebugSingleThreadDynamic|x64
		{740FC406-98AF-B54D-B226-CAF40650FF1E}.DebugSingleThreadDynamic|x64.Build.0 = DebugSingleThreadDynamic|x64
		{740FC406-98AF-B54D-B226-CAF40650FF1E}.ReleaseSingleThreadDynamic|Win32.ActiveCfg = ReleaseSingleThreadDynamic|Win32
		{740FC406-98AF-B54D-B226-CAF40650FF1E}.ReleaseSingleThreadDynamic|Win32.Build.0 = ReleaseSingleThreadDynamic|Win32
		{740FC406-98AF-B54D-B226-CAF40650FF1E}.ReleaseSingleThreadDynamic|x64.ActiveCfg = ReleaseSingleThreadDynamic|x64
		{740FC406-98AF-B54D-B226-CAF40650FF1E}.ReleaseSingleThreadDynamic|x64.Build.0 = ReleaseSingleThreadDynamic|x64
		{740FC406-98AF-B54D-B226-CAF40650FF2E}.Debug|Win32.ActiveCfg = Debug|Win32
		{740FC406-98AF-B54D-B226-CAF40650FF2E}.Debug|Win32.Build.0 = Debug|Win32
		{740FC406-98AF-B54D-B226-CAF40650FF2E}.Debug|x64.ActiveCfg = Debug|x64
		{740FC406-98AF-B54D-B226-CAF40650FF2E}.Debug|x64.Build.0 = Debug|x64
		{740FC406-98AF-B54D-B226-CAF40650FF2E}.Release|Win32.ActiveCfg = Release|Win32
		{740FC406-98AF-B54D-B226-CAF40650FF2E}.Release|Win32.Build.0 = Release|Win32
		{740FC406-98AF-B54D-B226-CAF40650FF2E}.Release|x64.ActiveCfg = Release|x64
		{740FC406-98AF-B54D-B226-CAF40650FF2E}.Release|x64.Build.0 = Release|x64
		{740FC406-98AF-B54D-B226-CAF40650FF2E}.DebugDynamic|Win32.ActiveCfg = DebugDynamic|Win32
		{740FC406-98AF-B54D-B226-CAF40650FF2E}.DebugDynamic|Win32.Build.0 = DebugDynamic|Win32
		{740FC406-98AF-B54D-B226-CAF40650FF2E}.DebugDynamic|x64.ActiveCfg = DebugDynamic|x64
		{740FC406-98AF-B54D-B226-CAF40650FF2E}.DebugDynamic|x64.Build.0 = DebugDynamic|x64
		{740FC406-98AF-B54D-B226-CAF40650FF2E}.ReleaseDynamic|Win32.ActiveCfg = ReleaseDynamic|Win32
		{740FC406-98AF-B54D-B226-CAF40650FF2E}.ReleaseDynamic|Win32.Build.0 = ReleaseDynamic|Win32
		{740FC406-98AF-B54D-B226-CAF40650FF2E}.ReleaseDynamic|x64.ActiveCfg = ReleaseDynamic|x64
		{740FC406-98AF-B54D-B226-CAF40650FF2E}.ReleaseDynamic|x64.Build.0 = ReleaseDynamic|x64
		{740FC406-98AF-B54D-B226-CAF40650FF2E}.DebugSingleThread|Win32.ActiveCfg = DebugSingleThread|Win32
		{740FC406-98AF-B54D-B226-CAF40650FF2E}.DebugSingleThread|Win32.Build.0 = DebugSingleThread|Win32
		{740FC406-98AF-B54D-B226-CAF40650FF2E}.DebugSingleThread|x64.ActiveCfg = DebugSingleThread|x64
		{740FC406-98AF-B54D-B226-CAF40650FF2E}.DebugSingleThread|x64.Build.0 = DebugSingleThread|x64
		{740FC406-98AF-B54D-B226-CAF40650FF2E}.ReleaseSingleThread|Win32.ActiveCfg = ReleaseSingleThread|Win32
		{740FC406-98AF-B54D-B226-CAF40650FF2E}.ReleaseSingleThread|Win32.Build.0 = ReleaseSingleThread|Win32
		{740FC406-98AF-B54D-B226-CAF40650FF2E}.ReleaseSingleThread|x64.ActiveCfg = ReleaseSingleThread|x64
		{740FC406-98AF-B54D-B226-CAF40650FF2E}.ReleaseSingleThread|x64.Build.0 = ReleaseSingleThread|x64
		{740FC406-98AF-B54D-B226-CAF40650FF2E}.DebugSingleThreadDynamic|Win32.ActiveCfg = DebugSingleThreadDynamic|Win32
		{740FC406-98AF-B54D-B226-CAF40650FF2E}.DebugSingleThreadDynamic|Win32.Build.0 = DebugSingleThreadDynamic|Win32
		{740FC406-98AF-B54D-B226-CAF40650FF2E}.DebugSingleThreadDynamic|x64.ActiveCfg = DebugSingleThreadDynamic|x64
		{740FC406-98AF-B54D-B226-CAF40650FF2E}.DebugSingleThreadDynamic|x64.Build.0 = DebugSingleThreadDynamic|x64
		{740FC406-98AF-B54D-B226-CAF40650FF2E}.ReleaseSingleThreadDynamic|Win32.ActiveCfg = ReleaseSingleThreadDynamic|Win32
		{740FC406-98AF-B54D-B226-CAF40650FF2E}.ReleaseSingleThreadDynamic|Win32.Build.0 = ReleaseSingleThreadDynamic|Win32
		{740FC406-98AF-B54D-B226-CAF40650FF2E}.ReleaseSingleThreadDynamic|x64.ActiveCfg = ReleaseSingleThreadDynamic|x64
		{740FC406-98AF-B54D-B226-CAF40650FF2E}.ReleaseSingleThreadDynamic|x64.Build.0 = ReleaseSingleThreadDynamic|x64
		{28E158E3-1600-4B73-A662-8E9228D33E12}.Debug|Win32.ActiveCfg = Debug|Win32
		{28E158E3-1600-4B73-A662-8E9228D33E12}.Debug|Win32.Build.0 = Debug|Win32
		{28E158E3-1600-4B73-A662-8E9228D33E12}.Debug|x64.ActiveCfg = Debug|x64
		{28E158E3-1600-4B73-A662-8E9228D33E12}.Debug|x64.Build.0 = Debug|x64
		{28E158E3-1600-4B73-A662-8E9228D33E12}.Release|Win32.ActiveCfg = Release|Win32
		{28E158E3-1600-4B73-A662-8E9228D33E12}.Release|Win32.Build.0 = Release|Win32
		{28E158E3-1600-4B73-A662-8E9228D33E12}.Release|x64.ActiveCfg = Release|x64
		{28E158E3-1600-4B73-A662-8E9228D33E12}.Release|x64.Build.0 = Release|x64
		{28E158E3-1600-4B73-A662-8E9228D33E12}.DebugDynamic|Win32.ActiveCfg = DebugDynamic|Win32
		{28E158E3-1600-4B73-A662-8E9228D33E12}.DebugDynamic|Win32.Build.0 = DebugDynamic|Win32
		{28E158E3-1600-4B73-A662-8E9228D33E12}.DebugDynamic|x64.ActiveCfg = DebugDynamic|x64
		{28E158E3-1600-4B73-A662-8E9228D33E12}.DebugDynamic|x64.Build.0 = DebugDynamic|x64
		{28E158E3-1600-4B73-A662-8E9228D33E12}.ReleaseDynamic|Win32.ActiveCfg = ReleaseDynamic|Win32
		{28E158E3-1600-4B73-A662-8E9228D33E12}.ReleaseDynamic|Win32.Build.0 = ReleaseDynamic|Win32
		{28E158E3-1600-4B73-A662-8E9228D33E12}.ReleaseDynamic|x64.ActiveCfg = ReleaseDynamic|x64
		{28E158E3-1600-4B73-A662-8E9228D33E12}.ReleaseDynamic|x64.Build.0 = ReleaseDynamic|x64
		{28E158E3-1600-4B73-A662-8E9228D33E12}.DebugSingleThread|Win32.ActiveCfg = DebugSingleThread|Win32
		{28E158E3-1600-4B73-A662-8E9228D33E12}.DebugSingleThread|Win32.Build.0 = DebugSingleThread|Win32
		{28E158E3-1600-4B73-A662-8E9228D33E12}.DebugSingleThread|x64.ActiveCfg = DebugSingleThread|x64
		{28E158E3-1600-4B73-A662-8E9228D33E12}.DebugSingleThread|x64.Build.0 = DebugSingleThread|x64
		{28E158E3-1600-4B73-A662-8E9228D33E12}.ReleaseSingleThread|Win32.ActiveCfg = ReleaseSingleThread|Win32
		{28E158E3-1600-4B73-A662-8E9228D33E12}.ReleaseSingleThread|Win32.Build.0 = ReleaseSingleThread|Win32
		{28E158E3-1600-4B73-A662-8E9228D33E12}.ReleaseSingleThread|x64.ActiveCfg = ReleaseSingleThread|x64
		{28E158E3-1600-4B73-A662-8E9228D33E12}.ReleaseSingleThread|x64.Build.0 = ReleaseSingleThread|x64
		{28E158E3-1600-4B73-A662-8E9228D33E12}.DebugSingleThreadDynamic|Win32.ActiveCfg = DebugSingleThreadDynamic|Win32
		{28E158E3-1600-4B73-A662-8E9228D33E12}.DebugSingleThreadDynamic|Win32.Build.0 = DebugSingleThreadDynamic|Win32
		{28E158E3-1600-4B73-A662-8E9228D33E12}.DebugSingleThreadDynamic|x64.ActiveCfg = DebugSingleThreadDynamic|x64
		{28E158E3-1600-4B73-A662-8E9228D33E12}.DebugSingleThreadDynamic|x64.Build.0 = DebugSingleThreadDynamic|x64
		{28E158E3-1600-4B73-A662-8E9228D33E12}.ReleaseSingleThreadDynamic|Win32.ActiveCfg = ReleaseSingleThreadDynamic|Win32
		{28E158E3-1600-4B73-A662-8E9228D33E12}.ReleaseSingleThreadDynamic|Win32.Build.0 = ReleaseSingleThreadDynamic|Win32
		{28E158E3-1600-4B73-A662-8E9228D33E12}.ReleaseSingleThreadDynamic|x64.ActiveCfg = ReleaseSingleThreadDynamic|x64
		{28E158E3-1600-4B73-A662-8E9228D33E12}.ReleaseSingleThreadDynamic|x64.Build.0 = ReleaseSingleThreadDynamic|x64
	EndGlobalSection
	GlobalSection(SolutionProperties) = preSolution
		HideSolutionNode = FALSE
	EndGlobalSection
EndGlobal
