<?xml version="1.0" encoding="utf-8"?>
<Project ToolsVersion="4.0" xmlns="http://schemas.microsoft.com/developer/msbuild/2003">
  <ItemGroup>
    <Filter Include="tests">
      <UniqueIdentifier>{30FA9D57-A2B5-8546-ADDD-B3D239399486}</UniqueIdentifier>
    </Filter>
  </ItemGroup>
  <ItemGroup>
    <ClInclude Include="..\..\tests\framework.h">
      <Filter>tests</Filter>
    </ClInclude>
  </ItemGroup>
  <ItemGroup>
    <ClCompile Include="..\..\tests\framework.c">
      <Filter>tests</Filter>
    </ClCompile>
    <ClCompile Include="..\..\tests\tests_evds_system.c">
      <Filter>tests</Filter>
    </ClCompile>
  </ItemGroup>
</Project>
