<?xml version="1.0" encoding="utf-8"?>
<Project ToolsVersion="4.0" xmlns="http://schemas.microsoft.com/developer/msbuild/2003">
  <ItemGroup>
    <Filter Include="tutorials">
      <UniqueIdentifier>{C3CD4709-768D-6A4B-9D31-93C6420A0F7D}</UniqueIdentifier>
    </Filter>
  </ItemGroup>
  <ItemGroup>
    <ClCompile Include="..\..\tutorials\evds_tutorial1.c">
      <Filter>tutorials</Filter>
    </ClCompile>
  </ItemGroup>
</Project>
