<?xml version="1.0" encoding="utf-8"?>
<Project ToolsVersion="4.0" xmlns="http://schemas.microsoft.com/developer/msbuild/2003">
  <ItemGroup>
    <Filter Include="tutorials">
      <UniqueIdentifier>{7AC71E3A-FB8D-7741-974C-E4D32C6460B2}</UniqueIdentifier>
    </Filter>
  </ItemGroup>
  <ItemGroup>
    <ClCompile Include="..\..\tutorials\evds_tutorial2.c">
      <Filter>tutorials</Filter>
    </ClCompile>
  </ItemGroup>
</Project>
