<?xml version="1.0" encoding="utf-8"?>
<Project ToolsVersion="4.0" xmlns="http://schemas.microsoft.com/developer/msbuild/2003">
  <ItemGroup>
    <Filter Include="core">
      <UniqueIdentifier>{EAFAC751-D03A-E84E-842D-28C3935134FC}</UniqueIdentifier>
    </Filter>
    <Filter Include="objects">
      <UniqueIdentifier>{7B75DD5C-B1DB-924C-9BAF-D1010079AD75}</UniqueIdentifier>
    </Filter>
    <Filter Include="propagators">
      <UniqueIdentifier>{D1839C73-38E4-6F43-AFF7-9431E3BEC077}</UniqueIdentifier>
    </Filter>
    <Filter Include="include">
      <UniqueIdentifier>{FAFEF65E-8878-B449-B96A-3A87D90004D7}</UniqueIdentifier>
    </Filter>
  </ItemGroup>
  <ItemGroup>
    <None Include="..\..\source\core\evds_database.inc">
      <Filter>core</Filter>
    </None>
    <None Include="..\..\source\core\evds_database.xml">
      <Filter>core</Filter>
    </None>
  </ItemGroup>
  <ItemGroup>
    <ClInclude Include="..\..\include\evds.h">
      <Filter>include</Filter>
    </ClInclude>
    <ClInclude Include="..\..\include\evds_internal.h">
      <Filter>include</Filter>
    </ClInclude>
  </ItemGroup>
  <ItemGroup>
    <ClCompile Include="..\..\source\core\evds_env.c">
      <Filter>core</Filter>
    </ClCompile>
    <ClCompile Include="..\..\source\core\evds_function.c">
      <Filter>core</Filter>
    </ClCompile>
    <ClCompile Include="..\..\source\core\evds_load.c">
      <Filter>core</Filter>
    </ClCompile>
    <ClCompile Include="..\..\source\core\evds_material.c">
      <Filter>core</Filter>
    </ClCompile>
    <ClCompile Include="..\..\source\core\evds_math.c">
      <Filter>core</Filter>
    </ClCompile>
    <ClCompile Include="..\..\source\core\evds_mesh.c">
      <Filter>core</Filter>
    </ClCompile>
    <ClCompile Include="..\..\source\core\evds_object.c">
      <Filter>core</Filter>
    </ClCompile>
    <ClCompile Include="..\..\source\core\evds_save.c">
      <Filter>core</Filter>
    </ClCompile>
    <ClCompile Include="..\..\source\core\evds_system.c">
      <Filter>core</Filter>
    </ClCompile>
    <ClCompile Include="..\..\source\core\evds_variable.c">
      <Filter>core</Filter>
    </ClCompile>
    <ClCompile Include="..\..\source\objects\evds_body.c">
      <Filter>objects</Filter>
    </ClCompile>
    <ClCompile Include="..\..\source\objects\evds_engine.c">
      <Filter>objects</Filter>
    </ClCompile>
    <ClCompile Include="..\..\source\objects\evds_fueltank.c">
      <Filter>objects</Filter>
    </ClCompile>
    <ClCompile Include="..\..\source\objects\evds_gimbal.c">
      <Filter>objects</Filter>
    </ClCompile>
    <ClCompile Include="..\..\source\objects\evds_modifier.c">
      <Filter>objects</Filter>
    </ClCompile>
    <ClCompile Include="..\..\source\objects\evds_planet.c">
      <Filter>objects</Filter>
    </ClCompile>
    <ClCompile Include="..\..\source\objects\evds_wiring.c">
      <Filter>objects</Filter>
    </ClCompile>
    <ClCompile Include="..\..\source\propagators\evds_prop_euler.c">
      <Filter>propagators</Filter>
    </ClCompile>
    <ClCompile Include="..\..\source\propagators\evds_prop_heun.c">
      <Filter>propagators</Filter>
    </ClCompile>
    <ClCompile Include="..\..\source\propagators\evds_prop_rk4.c">
      <Filter>propagators</Filter>
    </ClCompile>
  </ItemGroup>
</Project>
