<?xml version="1.0" encoding="utf-8"?>
<Project ToolsVersion="4.0" xmlns="http://schemas.microsoft.com/developer/msbuild/2003">
  <ItemGroup>
    <Filter Include="evds_tutorials">
      <UniqueIdentifier>{A5159303-44BC-9440-B4FF-9309258AA446}</UniqueIdentifier>
    </Filter>
  </ItemGroup>
  <ItemGroup>
    <ClCompile Include="..\..\source\evds_tutorials\evds_tutorials.c">
      <Filter>evds_tutorials</Filter>
    </ClCompile>
  </ItemGroup>
</Project>
