
Microsoft Visual Studio Solution File, Format Version 11.00
# Visual Studio 2010
Project("{8BC9CEB8-8B4A-11D0-8D11-00A0C91BC942}") = "simc", "simc.vcxproj", "{7D688FDD-4D41-9A41-9E7E-1D6E59A10C9C}"
EndProject
Project("{8BC9CEB8-8B4A-11D0-8D11-00A0C91BC942}") = "evds", "evds.vcxproj", "{B5DD5EE2-582A-E747-9992-2D2E84877D64}"
	ProjectSection(ProjectDependencies) = postProject
		{7D688FDD-4D41-9A41-9E7E-1D6E59A10C9C} = {7D688FDD-4D41-9A41-9E7E-1D6E59A10C9C}
	EndProjectSection
EndProject
Project("{8BC9CEB8-8B4A-11D0-8D11-00A0C91BC942}") = "evds_tutorials", "evds_tutorials.vcxproj", "{0C3B560E-DFCB-024B-BF72-10F091F2E7FC}"
	ProjectSection(ProjectDependencies) = postProject
		{B5DD5EE2-582A-E747-9992-2D2E84877D64} = {B5DD5EE2-582A-E747-9992-2D2E84877D64}
	EndProjectSection
EndProject
Global
	GlobalSection(SolutionConfigurationPlatforms) = preSolution
		Debug|Win32 = Debug|Win32
		Debug|x64 = Debug|x64
		Release|Win32 = Release|Win32
		Release|x64 = Release|x64
		DebugDynamic|Win32 = DebugDynamic|Win32
		DebugDynamic|x64 = DebugDynamic|x64
		ReleaseDynamic|Win32 = ReleaseDynamic|Win32
		ReleaseDynamic|x64 = ReleaseDynamic|x64
		DebugSingleThread|Win32 = DebugSingleThread|Win32
		DebugSingleThread|x64 = DebugSingleThread|x64
		ReleaseSingleThread|Win32 = ReleaseSingleThread|Win32
		ReleaseSingleThread|x64 = ReleaseSingleThread|x64
		DebugSingleThreadDynamic|Win32 = DebugSingleThreadDynamic|Win32
		DebugSingleThreadDynamic|x64 = DebugSingleThreadDynamic|x64
		ReleaseSingleThreadDynamic|Win32 = ReleaseSingleThreadDynamic|Win32
		ReleaseSingleThreadDynamic|x64 = ReleaseSingleThreadDynamic|x64
	EndGlobalSection
	GlobalSection(ProjectConfigurationPlatforms) = postSolution
		{7D688FDD-4D41-9A41-9E7E-1D6E59A10C9C}.Debug|Win32.ActiveCfg = Debug|Win32
		{7D688FDD-4D41-9A41-9E7E-1D6E59A10C9C}.Debug|Win32.Build.0 = Debug|Win32
		{7D688FDD-4D41-9A41-9E7E-1D6E59A10C9C}.Debug|x64.ActiveCfg = Debug|x64
		{7D688FDD-4D41-9A41-9E7E-1D6E59A10C9C}.Debug|x64.Build.0 = Debug|x64
		{7D688FDD-4D41-9A41-9E7E-1D6E59A10C9C}.Release|Win32.ActiveCfg = Release|Win32
		{7D688FDD-4D41-9A41-9E7E-1D6E59A10C9C}.Release|Win32.Build.0 = Release|Win32
		{7D688FDD-4D41-9A41-9E7E-1D6E59A10C9C}.Release|x64.ActiveCfg = Release|x64
		{7D688FDD-4D41-9A41-9E7E-1D6E59A10C9C}.Release|x64.Build.0 = Release|x64
		{7D688FDD-4D41-9A41-9E7E-1D6E59A10C9C}.DebugDynamic|Win32.ActiveCfg = DebugDynamic|Win32
		{7D688FDD-4D41-9A41-9E7E-1D6E59A10C9C}.DebugDynamic|Win32.Build.0 = DebugDynamic|Win32
		{7D688FDD-4D41-9A41-9E7E-1D6E59A10C9C}.DebugDynamic|x64.ActiveCfg = DebugDynamic|x64
		{7D688FDD-4D41-9A41-9E7E-1D6E59A10C9C}.DebugDynamic|x64.Build.0 = DebugDynamic|x64
		{7D688FDD-4D41-9A41-9E7E-1D6E59A10C9C}.ReleaseDynamic|Win32.ActiveCfg = ReleaseDynamic|Win32
		{7D688FDD-4D41-9A41-9E7E-1D6E59A10C9C}.ReleaseDynamic|Win32.Build.0 = ReleaseDynamic|Win32
		{7D688FDD-4D41-9A41-9E7E-1D6E59A10C9C}.ReleaseDynamic|x64.ActiveCfg = ReleaseDynamic|x64
		{7D688FDD-4D41-9A41-9E7E-1D6E59A10C9C}.ReleaseDynamic|x64.Build.0 = ReleaseDynamic|x64
		{7D688FDD-4D41-9A41-9E7E-1D6E59A10C9C}.DebugSingleThread|Win32.ActiveCfg = DebugSingleThread|Win32
		{7D688FDD-4D41-9A41-9E7E-1D6E59A10C9C}.DebugSingleThread|Win32.Build.0 = DebugSingleThread|Win32
		{7D688FDD-4D41-9A41-9E7E-1D6E59A10C9C}.DebugSingleThread|x64.ActiveCfg = DebugSingleThread|x64
		{7D688FDD-4D41-9A41-9E7E-1D6E59A10C9C}.DebugSingleThread|x64.Build.0 = DebugSingleThread|x64
		{7D688FDD-4D41-9A41-9E7E-1D6E59A10C9C}.ReleaseSingleThread|Win32.ActiveCfg = ReleaseSingleThread|Win32
		{7D688FDD-4D41-9A41-9E7E-1D6E59A10C9C}.ReleaseSingleThread|Win32.Build.0 = ReleaseSingleThread|Win32
		{7D688FDD-4D41-9A41-9E7E-1D6E59A10C9C}.ReleaseSingleThread|x64.ActiveCfg = ReleaseSingleThread|x64
		{7D688FDD-4D41-9A41-9E7E-1D6E59A10C9C}.ReleaseSingleThread|x64.Build.0 = ReleaseSingleThread|x64
		{7D688FDD-4D41-9A41-9E7E-1D6E59A10C9C}.DebugSingleThreadDynamic|Win32.ActiveCfg = DebugSingleThreadDynamic|Win32
		{7D688FDD-4D41-9A41-9E7E-1D6E59A10C9C}.DebugSingleThreadDynamic|Win32.Build.0 = DebugSingleThreadDynamic|Win32
		{7D688FDD-4D41-9A41-9E7E-1D6E59A10C9C}.DebugSingleThreadDynamic|x64.ActiveCfg = DebugSingleThreadDynamic|x64
		{7D688FDD-4D41-9A41-9E7E-1D6E59A10C9C}.DebugSingleThreadDynamic|x64.Build.0 = DebugSingleThreadDynamic|x64
		{7D688FDD-4D41-9A41-9E7E-1D6E59A10C9C}.ReleaseSingleThreadDynamic|Win32.ActiveCfg = ReleaseSingleThreadDynamic|Win32
		{7D688FDD-4D41-9A41-9E7E-1D6E59A10C9C}.ReleaseSingleThreadDynamic|Win32.Build.0 = ReleaseSingleThreadDynamic|Win32
		{7D688FDD-4D41-9A41-9E7E-1D6E59A10C9C}.ReleaseSingleThreadDynamic|x64.ActiveCfg = ReleaseSingleThreadDynamic|x64
		{7D688FDD-4D41-9A41-9E7E-1D6E59A10C9C}.ReleaseSingleThreadDynamic|x64.Build.0 = ReleaseSingleThreadDynamic|x64
		{B5DD5EE2-582A-E747-9992-2D2E84877D64}.Debug|Win32.ActiveCfg = Debug|Win32
		{B5DD5EE2-582A-E747-9992-2D2E84877D64}.Debug|Win32.Build.0 = Debug|Win32
		{B5DD5EE2-582A-E747-9992-2D2E84877D64}.Debug|x64.ActiveCfg = Debug|x64
		{B5DD5EE2-582A-E747-9992-2D2E84877D64}.Debug|x64.Build.0 = Debug|x64
		{B5DD5EE2-582A-E747-9992-2D2E84877D64}.Release|Win32.ActiveCfg = Release|Win32
		{B5DD5EE2-582A-E747-9992-2D2E84877D64}.Release|Win32.Build.0 = Release|Win32
		{B5DD5EE2-582A-E747-9992-2D2E84877D64}.Release|x64.ActiveCfg = Release|x64
		{B5DD5EE2-582A-E747-9992-2D2E84877D64}.Release|x64.Build.0 = Release|x64
		{B5DD5EE2-582A-E747-9992-2D2E84877D64}.DebugDynamic|Win32.ActiveCfg = DebugDynamic|Win32
		{B5DD5EE2-582A-E747-9992-2D2E84877D64}.DebugDynamic|Win32.Build.0 = DebugDynamic|Win32
		{B5DD5EE2-582A-E747-9992-2D2E84877D64}.DebugDynamic|x64.ActiveCfg = DebugDynamic|x64
		{B5DD5EE2-582A-E747-9992-2D2E84877D64}.DebugDynamic|x64.Build.0 = DebugDynamic|x64
		{B5DD5EE2-582A-E747-9992-2D2E84877D64}.ReleaseDynamic|Win32.ActiveCfg = ReleaseDynamic|Win32
		{B5DD5EE2-582A-E747-9992-2D2E84877D64}.ReleaseDynamic|Win32.Build.0 = ReleaseDynamic|Win32
		{B5DD5EE2-582A-E747-9992-2D2E84877D64}.ReleaseDynamic|x64.ActiveCfg = ReleaseDynamic|x64
		{B5DD5EE2-582A-E747-9992-2D2E84877D64}.ReleaseDynamic|x64.Build.0 = ReleaseDynamic|x64
		{B5DD5EE2-582A-E747-9992-2D2E84877D64}.DebugSingleThread|Win32.ActiveCfg = DebugSingleThread|Win32
		{B5DD5EE2-582A-E747-9992-2D2E84877D64}.DebugSingleThread|Win32.Build.0 = DebugSingleThread|Win32
		{B5DD5EE2-582A-E747-9992-2D2E84877D64}.DebugSingleThread|x64.ActiveCfg = DebugSingleThread|x64
		{B5DD5EE2-582A-E747-9992-2D2E84877D64}.DebugSingleThread|x64.Build.0 = DebugSingleThread|x64
		{B5DD5EE2-582A-E747-9992-2D2E84877D64}.ReleaseSingleThread|Win32.ActiveCfg = ReleaseSingleThread|Win32
		{B5DD5EE2-582A-E747-9992-2D2E84877D64}.ReleaseSingleThread|Win32.Build.0 = ReleaseSingleThread|Win32
		{B5DD5EE2-582A-E747-9992-2D2E84877D64}.ReleaseSingleThread|x64.ActiveCfg = ReleaseSingleThread|x64
		{B5DD5EE2-582A-E747-9992-2D2E84877D64}.ReleaseSingleThread|x64.Build.0 = ReleaseSingleThread|x64
		{B5DD5EE2-582A-E747-9992-2D2E84877D64}.DebugSingleThreadDynamic|Win32.ActiveCfg = DebugSingleThreadDynamic|Win32
		{B5DD5EE2-582A-E747-9992-2D2E84877D64}.DebugSingleThreadDynamic|Win32.Build.0 = DebugSingleThreadDynamic|Win32
		{B5DD5EE2-582A-E747-9992-2D2E84877D64}.DebugSingleThreadDynamic|x64.ActiveCfg = DebugSingleThreadDynamic|x64
		{B5DD5EE2-582A-E747-9992-2D2E84877D64}.DebugSingleThreadDynamic|x64.Build.0 = DebugSingleThreadDynamic|x64
		{B5DD5EE2-582A-E747-9992-2D2E84877D64}.ReleaseSingleThreadDynamic|Win32.ActiveCfg = ReleaseSingleThreadDynamic|Win32
		{B5DD5EE2-582A-E747-9992-2D2E84877D64}.ReleaseSingleThreadDynamic|Win32.Build.0 = ReleaseSingleThreadDynamic|Win32
		{B5DD5EE2-582A-E747-9992-2D2E84877D64}.ReleaseSingleThreadDynamic|x64.ActiveCfg = ReleaseSingleThreadDynamic|x64
		{B5DD5EE2-582A-E747-9992-2D2E84877D64}.ReleaseSingleThreadDynamic|x64.Build.0 = ReleaseSingleThreadDynamic|x64
		{0C3B560E-DFCB-024B-BF72-10F091F2E7FC}.Debug|Win32.ActiveCfg = Debug|Win32
		{0C3B560E-DFCB-024B-BF72-10F091F2E7FC}.Debug|Win32.Build.0 = Debug|Win32
		{0C3B560E-DFCB-024B-BF72-10F091F2E7FC}.Debug|x64.ActiveCfg = Debug|x64
		{0C3B560E-DFCB-024B-BF72-10F091F2E7FC}.Debug|x64.Build.0 = Debug|x64
		{0C3B560E-DFCB-024B-BF72-10F091F2E7FC}.Release|Win32.ActiveCfg = Release|Win32
		{0C3B560E-DFCB-024B-BF72-10F091F2E7FC}.Release|Win32.Build.0 = Release|Win32
		{0C3B560E-DFCB-024B-BF72-10F091F2E7FC}.Release|x64.ActiveCfg = Release|x64
		{0C3B560E-DFCB-024B-BF72-10F091F2E7FC}.Release|x64.Build.0 = Release|x64
		{0C3B560E-DFCB-024B-BF72-10F091F2E7FC}.DebugDynamic|Win32.ActiveCfg = DebugDynamic|Win32
		{0C3B560E-DFCB-024B-BF72-10F091F2E7FC}.DebugDynamic|Win32.Build.0 = DebugDynamic|Win32
		{0C3B560E-DFCB-024B-BF72-10F091F2E7FC}.DebugDynamic|x64.ActiveCfg = DebugDynamic|x64
		{0C3B560E-DFCB-024B-BF72-10F091F2E7FC}.DebugDynamic|x64.Build.0 = DebugDynamic|x64
		{0C3B560E-DFCB-024B-BF72-10F091F2E7FC}.ReleaseDynamic|Win32.ActiveCfg = ReleaseDynamic|Win32
		{0C3B560E-DFCB-024B-BF72-10F091F2E7FC}.ReleaseDynamic|Win32.Build.0 = ReleaseDynamic|Win32
		{0C3B560E-DFCB-024B-BF72-10F091F2E7FC}.ReleaseDynamic|x64.ActiveCfg = ReleaseDynamic|x64
		{0C3B560E-DFCB-024B-BF72-10F091F2E7FC}.ReleaseDynamic|x64.Build.0 = ReleaseDynamic|x64
		{0C3B560E-DFCB-024B-BF72-10F091F2E7FC}.DebugSingleThread|Win32.ActiveCfg = DebugSingleThread|Win32
		{0C3B560E-DFCB-024B-BF72-10F091F2E7FC}.DebugSingleThread|Win32.Build.0 = DebugSingleThread|Win32
		{0C3B560E-DFCB-024B-BF72-10F091F2E7FC}.DebugSingleThread|x64.ActiveCfg = DebugSingleThread|x64
		{0C3B560E-DFCB-024B-BF72-10F091F2E7FC}.DebugSingleThread|x64.Build.0 = DebugSingleThread|x64
		{0C3B560E-DFCB-024B-BF72-10F091F2E7FC}.ReleaseSingleThread|Win32.ActiveCfg = ReleaseSingleThread|Win32
		{0C3B560E-DFCB-024B-BF72-10F091F2E7FC}.ReleaseSingleThread|Win32.Build.0 = ReleaseSingleThread|Win32
		{0C3B560E-DFCB-024B-BF72-10F091F2E7FC}.ReleaseSingleThread|x64.ActiveCfg = ReleaseSingleThread|x64
		{0C3B560E-DFCB-024B-BF72-10F091F2E7FC}.ReleaseSingleThread|x64.Build.0 = ReleaseSingleThread|x64
		{0C3B560E-DFCB-024B-BF72-10F091F2E7FC}.DebugSingleThreadDynamic|Win32.ActiveCfg = DebugSingleThreadDynamic|Win32
		{0C3B560E-DFCB-024B-BF72-10F091F2E7FC}.DebugSingleThreadDynamic|Win32.Build.0 = DebugSingleThreadDynamic|Win32
		{0C3B560E-DFCB-024B-BF72-10F091F2E7FC}.DebugSingleThreadDynamic|x64.ActiveCfg = DebugSingleThreadDynamic|x64
		{0C3B560E-DFCB-024B-BF72-10F091F2E7FC}.DebugSingleThreadDynamic|x64.Build.0 = DebugSingleThreadDynamic|x64
		{0C3B560E-DFCB-024B-BF72-10F091F2E7FC}.ReleaseSingleThreadDynamic|Win32.ActiveCfg = ReleaseSingleThreadDynamic|Win32
		{0C3B560E-DFCB-024B-BF72-10F091F2E7FC}.ReleaseSingleThreadDynamic|Win32.Build.0 = ReleaseSingleThreadDynamic|Win32
		{0C3B560E-DFCB-024B-BF72-10F091F2E7FC}.ReleaseSingleThreadDynamic|x64.ActiveCfg = ReleaseSingleThreadDynamic|x64
		{0C3B560E-DFCB-024B-BF72-10F091F2E7FC}.ReleaseSingleThreadDynamic|x64.Build.0 = ReleaseSingleThreadDynamic|x64
	EndGlobalSection
	GlobalSection(SolutionProperties) = preSolution
		HideSolutionNode = FALSE
	EndGlobalSection
EndGlobal
