<?xml version="1.0" encoding="utf-8"?>
<Project ToolsVersion="4.0" xmlns="http://schemas.microsoft.com/developer/msbuild/2003">
  <ItemGroup>
    <Filter Include="tutorials">
      <UniqueIdentifier>{A16F3D6F-3B61-5C43-A747-041C8869F276}</UniqueIdentifier>
    </Filter>
  </ItemGroup>
  <ItemGroup>
    <ClCompile Include="..\..\tutorials\evds_tutorial2.c">
      <Filter>tutorials</Filter>
    </ClCompile>
  </ItemGroup>
</Project>
